// !$*UTF8*$!
{
	archiveVersion = 1;
	classes = {
	};
	objectVersion = 56;
	objects = {

/* Begin PBXBuildFile section */
		BA3E9FB22BDA785100DAD087 /* MarketApp.swift in Sources */ = {isa = PBXBuildFile; fileRef = BA3E9FB12BDA785100DAD087 /* MarketApp.swift */; };
		BA3E9FB42BDA785100DAD087 /* ContentView.swift in Sources */ = {isa = PBXBuildFile; fileRef = BA3E9FB32BDA785100DAD087 /* ContentView.swift */; };
		BA3E9FB62BDA785300DAD087 /* Assets.xcassets in Resources */ = {isa = PBXBuildFile; fileRef = BA3E9FB52BDA785300DAD087 /* Assets.xcassets */; };
		BA3E9FB92BDA785300DAD087 /* Preview Assets.xcassets in Resources */ = {isa = PBXBuildFile; fileRef = BA3E9FB82BDA785300DAD087 /* Preview Assets.xcassets */; };
		BA3E9FC32BDA785300DAD087 /* MarketTests.swift in Sources */ = {isa = PBXBuildFile; fileRef = BA3E9FC22BDA785300DAD087 /* MarketTests.swift */; };
		BA3E9FCD2BDA785300DAD087 /* MarketUITests.swift in Sources */ = {isa = PBXBuildFile; fileRef = BA3E9FCC2BDA785300DAD087 /* MarketUITests.swift */; };
		BA3E9FCF2BDA785300DAD087 /* MarketUITestsLaunchTests.swift in Sources */ = {isa = PBXBuildFile; fileRef = BA3E9FCE2BDA785300DAD087 /* MarketUITestsLaunchTests.swift */; };
		BA3E9FDE2BDA796200DAD087 /* SwiftUIView.swift in Sources */ = {isa = PBXBuildFile; fileRef = BA3E9FDD2BDA796200DAD087 /* SwiftUIView.swift */; };
/* End PBXBuildFile section */

/* Begin PBXContainerItemProxy section */
		BA3E9FBF2BDA785300DAD087 /* PBXContainerItemProxy */ = {
			isa = PBXContainerItemProxy;
			containerPortal = BA3E9FA62BDA785100DAD087 /* Project object */;
			proxyType = 1;
			remoteGlobalIDString = BA3E9FAD2BDA785100DAD087;
			remoteInfo = Market;
		};
		BA3E9FC92BDA785300DAD087 /* PBXContainerItemProxy */ = {
			isa = PBXContainerItemProxy;
			containerPortal = BA3E9FA62BDA785100DAD087 /* Project object */;
			proxyType = 1;
			remoteGlobalIDString = BA3E9FAD2BDA785100DAD087;
			remoteInfo = Market;
		};
/* End PBXContainerItemProxy section */

/* Begin PBXFileReference section */
		BA3E9FAE2BDA785100DAD087 /* Market.app */ = {isa = PBXFileReference; explicitFileType = wrapper.application; includeInIndex = 0; path = Market.app; sourceTree = BUILT_PRODUCTS_DIR; };
		BA3E9FB12BDA785100DAD087 /* MarketApp.swift */ = {isa = PBXFileReference; lastKnownFileType = sourcecode.swift; path = MarketApp.swift; sourceTree = "<group>"; };
		BA3E9FB32BDA785100DAD087 /* ContentView.swift */ = {isa = PBXFileReference; lastKnownFileType = sourcecode.swift; path = ContentView.swift; sourceTree = "<group>"; };
		BA3E9FB52BDA785300DAD087 /* Assets.xcassets */ = {isa = PBXFileReference; lastKnownFileType = folder.assetcatalog; path = Assets.xcassets; sourceTree = "<group>"; };
		BA3E9FB82BDA785300DAD087 /* Preview Assets.xcassets */ = {isa = PBXFileReference; lastKnownFileType = folder.assetcatalog; path = "Preview Assets.xcassets"; sourceTree = "<group>"; };
		BA3E9FBE2BDA785300DAD087 /* MarketTests.xctest */ = {isa = PBXFileReference; explicitFileType = wrapper.cfbundle; includeInIndex = 0; path = MarketTests.xctest; sourceTree = BUILT_PRODUCTS_DIR; };
		BA3E9FC22BDA785300DAD087 /* MarketTests.swift */ = {isa = PBXFileReference; lastKnownFileType = sourcecode.swift; path = MarketTests.swift; sourceTree = "<group>"; };
		BA3E9FC82BDA785300DAD087 /* MarketUITests.xctest */ = {isa = PBXFileReference; explicitFileType = wrapper.cfbundle; includeInIndex = 0; path = MarketUITests.xctest; sourceTree = BUILT_PRODUCTS_DIR; };
		BA3E9FCC2BDA785300DAD087 /* MarketUITests.swift */ = {isa = PBXFileReference; lastKnownFileType = sourcecode.swift; path = MarketUITests.swift; sourceTree = "<group>"; };
		BA3E9FCE2BDA785300DAD087 /* MarketUITestsLaunchTests.swift */ = {isa = PBXFileReference; lastKnownFileType = sourcecode.swift; path = MarketUITestsLaunchTests.swift; sourceTree = "<group>"; };
		BA3E9FDD2BDA796200DAD087 /* SwiftUIView.swift */ = {isa = PBXFileReference; lastKnownFileType = sourcecode.swift; path = SwiftUIView.swift; sourceTree = "<group>"; };
/* End PBXFileReference section */

/* Begin PBXFrameworksBuildPhase section */
		BA3E9FAB2BDA785100DAD087 /* Frameworks */ = {
			isa = PBXFrameworksBuildPhase;
			buildActionMask = 2147483647;
			files = (
			);
			runOnlyForDeploymentPostprocessing = 0;
		};
		BA3E9FBB2BDA785300DAD087 /* Frameworks */ = {
			isa = PBXFrameworksBuildPhase;
			buildActionMask = 2147483647;
			files = (
			);
			runOnlyForDeploymentPostprocessing = 0;
		};
		BA3E9FC52BDA785300DAD087 /* Frameworks */ = {
			isa = PBXFrameworksBuildPhase;
			buildActionMask = 2147483647;
			files = (
			);
			runOnlyForDeploymentPostprocessing = 0;
		};
/* End PBXFrameworksBuildPhase section */

/* Begin PBXGroup section */
		BA3E9FA52BDA785100DAD087 = {
			isa = PBXGroup;
			children = (
				BA3E9FB02BDA785100DAD087 /* Market */,
				BA3E9FC12BDA785300DAD087 /* MarketTests */,
				BA3E9FCB2BDA785300DAD087 /* MarketUITests */,
				BA3E9FAF2BDA785100DAD087 /* Products */,
			);
			sourceTree = "<group>";
		};
		BA3E9FAF2BDA785100DAD087 /* Products */ = {
			isa = PBXGroup;
			children = (
				BA3E9FAE2BDA785100DAD087 /* Market.app */,
				BA3E9FBE2BDA785300DAD087 /* MarketTests.xctest */,
				BA3E9FC82BDA785300DAD087 /* MarketUITests.xctest */,
			);
			name = Products;
			sourceTree = "<group>";
		};
		BA3E9FB02BDA785100DAD087 /* Market */ = {
			isa = PBXGroup;
			children = (
				BA3E9FB12BDA785100DAD087 /* MarketApp.swift */,
				BA3E9FB32BDA785100DAD087 /* ContentView.swift */,
				BA3E9FDD2BDA796200DAD087 /* SwiftUIView.swift */,
				BA3E9FB52BDA785300DAD087 /* Assets.xcassets */,
				BA3E9FB72BDA785300DAD087 /* Preview Content */,
			);
			path = Market;
			sourceTree = "<group>";
		};
		BA3E9FB72BDA785300DAD087 /* Preview Content */ = {
			isa = PBXGroup;
			children = (
				BA3E9FB82BDA785300DAD087 /* Preview Assets.xcassets */,
			);
			path = "Preview Content";
			sourceTree = "<group>";
		};
		BA3E9FC12BDA785300DAD087 /* MarketTests */ = {
			isa = PBXGroup;
			children = (
				BA3E9FC22BDA785300DAD087 /* MarketTests.swift */,
			);
			path = MarketTests;
			sourceTree = "<group>";
		};
		BA3E9FCB2BDA785300DAD087 /* MarketUITests */ = {
			isa = PBXGroup;
			children = (
				BA3E9FCC2BDA785300DAD087 /* MarketUITests.swift */,
				BA3E9FCE2BDA785300DAD087 /* MarketUITestsLaunchTests.swift */,
			);
			path = MarketUITests;
			sourceTree = "<group>";
		};
/* End PBXGroup section */

/* Begin PBXNativeTarget section */
		BA3E9FAD2BDA785100DAD087 /* Market */ = {
			isa = PBXNativeTarget;
			buildConfigurationList = BA3E9FD22BDA785300DAD087 /* Build configuration list for PBXNativeTarget "Market" */;
			buildPhases = (
				BA3E9FAA2BDA785100DAD087 /* Sources */,
				BA3E9FAB2BDA785100DAD087 /* Frameworks */,
				BA3E9FAC2BDA785100DAD087 /* Resources */,
			);
			buildRules = (
			);
			dependencies = (
			);
			name = Market;
			productName = Market;
			productReference = BA3E9FAE2BDA785100DAD087 /* Market.app */;
			productType = "com.apple.product-type.application";
		};
		BA3E9FBD2BDA785300DAD087 /* MarketTests */ = {
			isa = PBXNativeTarget;
			buildConfigurationList = BA3E9FD52BDA785300DAD087 /* Build configuration list for PBXNativeTarget "MarketTests" */;
			buildPhases = (
				BA3E9FBA2BDA785300DAD087 /* Sources */,
				BA3E9FBB2BDA785300DAD087 /* Frameworks */,
				BA3E9FBC2BDA785300DAD087 /* Resources */,
			);
			buildRules = (
			);
			dependencies = (
				BA3E9FC02BDA785300DAD087 /* PBXTargetDependency */,
			);
			name = MarketTests;
			productName = MarketTests;
			productReference = BA3E9FBE2BDA785300DAD087 /* MarketTests.xctest */;
			productType = "com.apple.product-type.bundle.unit-test";
		};
		BA3E9FC72BDA785300DAD087 /* MarketUITests */ = {
			isa = PBXNativeTarget;
			buildConfigurationList = BA3E9FD82BDA785300DAD087 /* Build configuration list for PBXNativeTarget "MarketUITests" */;
			buildPhases = (
				BA3E9FC42BDA785300DAD087 /* Sources */,
				BA3E9FC52BDA785300DAD087 /* Frameworks */,
				BA3E9FC62BDA785300DAD087 /* Resources */,
			);
			buildRules = (
			);
			dependencies = (
				BA3E9FCA2BDA785300DAD087 /* PBXTargetDependency */,
			);
			name = MarketUITests;
			productName = MarketUITests;
			productReference = BA3E9FC82BDA785300DAD087 /* MarketUITests.xctest */;
			productType = "com.apple.product-type.bundle.ui-testing";
		};
/* End PBXNativeTarget section */

/* Begin PBXProject section */
		BA3E9FA62BDA785100DAD087 /* Project object */ = {
			isa = PBXProject;
			attributes = {
				BuildIndependentTargetsInParallel = 1;
				LastSwiftUpdateCheck = 1520;
				LastUpgradeCheck = 1520;
				TargetAttributes = {
					BA3E9FAD2BDA785100DAD087 = {
						CreatedOnToolsVersion = 15.2;
					};
					BA3E9FBD2BDA785300DAD087 = {
						CreatedOnToolsVersion = 15.2;
						TestTargetID = BA3E9FAD2BDA785100DAD087;
					};
					BA3E9FC72BDA785300DAD087 = {
						CreatedOnToolsVersion = 15.2;
						TestTargetID = BA3E9FAD2BDA785100DAD087;
					};
				};
			};
			buildConfigurationList = BA3E9FA92BDA785100DAD087 /* Build configuration list for PBXProject "Market" */;
			compatibilityVersion = "Xcode 14.0";
			developmentRegion = en;
			hasScannedForEncodings = 0;
			knownRegions = (
				en,
				Base,
			);
			mainGroup = BA3E9FA52BDA785100DAD087;
			productRefGroup = BA3E9FAF2BDA785100DAD087 /* Products */;
			projectDirPath = "";
			projectRoot = "";
			targets = (
				BA3E9FAD2BDA785100DAD087 /* Market */,
				BA3E9FBD2BDA785300DAD087 /* MarketTests */,
				BA3E9FC72BDA785300DAD087 /* MarketUITests */,
			);
		};
/* End PBXProject section */

/* Begin PBXResourcesBuildPhase section */
		BA3E9FAC2BDA785100DAD087 /* Resources */ = {
			isa = PBXResourcesBuildPhase;
			buildActionMask = 2147483647;
			files = (
				BA3E9FB92BDA785300DAD087 /* Preview Assets.xcassets in Resources */,
				BA3E9FB62BDA785300DAD087 /* Assets.xcassets in Resources */,
			);
			runOnlyForDeploymentPostprocessing = 0;
		};
		BA3E9FBC2BDA785300DAD087 /* Resources */ = {
			isa = PBXResourcesBuildPhase;
			buildActionMask = 2147483647;
			files = (
			);
			runOnlyForDeploymentPostprocessing = 0;
		};
		BA3E9FC62BDA785300DAD087 /* Resources */ = {
			isa = PBXResourcesBuildPhase;
			buildActionMask = 2147483647;
			files = (
			);
			runOnlyForDeploymentPostprocessing = 0;
		};
/* End PBXResourcesBuildPhase section */

/* Begin PBXSourcesBuildPhase section */
		BA3E9FAA2BDA785100DAD087 /* Sources */ = {
			isa = PBXSourcesBuildPhase;
			buildActionMask = 2147483647;
			files = (
				BA3E9FB42BDA785100DAD087 /* ContentView.swift in Sources */,
				BA3E9FB22BDA785100DAD087 /* MarketApp.swift in Sources */,
				BA3E9FDE2BDA796200DAD087 /* SwiftUIView.swift in Sources */,
			);
			runOnlyForDeploymentPostprocessing = 0;
		};
		BA3E9FBA2BDA785300DAD087 /* Sources */ = {
			isa = PBXSourcesBuildPhase;
			buildActionMask = 2147483647;
			files = (
				BA3E9FC32BDA785300DAD087 /* MarketTests.swift in Sources */,
			);
			runOnlyForDeploymentPostprocessing = 0;
		};
		BA3E9FC42BDA785300DAD087 /* Sources */ = {
			isa = PBXSourcesBuildPhase;
			buildActionMask = 2147483647;
			files = (
				BA3E9FCF2BDA785300DAD087 /* MarketUITestsLaunchTests.swift in Sources */,
				BA3E9FCD2BDA785300DAD087 /* MarketUITests.swift in Sources */,
			);
			runOnlyForDeploymentPostprocessing = 0;
		};
/* End PBXSourcesBuildPhase section */

/* Begin PBXTargetDependency section */
		BA3E9FC02BDA785300DAD087 /* PBXTargetDependency */ = {
			isa = PBXTargetDependency;
			target = BA3E9FAD2BDA785100DAD087 /* Market */;
			targetProxy = BA3E9FBF2BDA785300DAD087 /* PBXContainerItemProxy */;
		};
		BA3E9FCA2BDA785300DAD087 /* PBXTargetDependency */ = {
			isa = PBXTargetDependency;
			target = BA3E9FAD2BDA785100DAD087 /* Market */;
			targetProxy = BA3E9FC92BDA785300DAD087 /* PBXContainerItemProxy */;
		};
/* End PBXTargetDependency section */

/* Begin XCBuildConfiguration section */
		BA3E9FD02BDA785300DAD087 /* Debug */ = {
			isa = XCBuildConfiguration;
			buildSettings = {
				ALWAYS_SEARCH_USER_PATHS = NO;
				ASSETCATALOG_COMPILER_GENERATE_SWIFT_ASSET_SYMBOL_EXTENSIONS = YES;
				CLANG_ANALYZER_NONNULL = YES;
				CLANG_ANALYZER_NUMBER_OBJECT_CONVERSION = YES_AGGRESSIVE;
				CLANG_CXX_LANGUAGE_STANDARD = "gnu++20";
				CLANG_ENABLE_MODULES = YES;
				CLANG_ENABLE_OBJC_ARC = YES;
				CLANG_ENABLE_OBJC_WEAK = YES;
				CLANG_WARN_BLOCK_CAPTURE_AUTORELEASING = YES;
				CLANG_WARN_BOOL_CONVERSION = YES;
				CLANG_WARN_COMMA = YES;
				CLANG_WARN_CONSTANT_CONVERSION = YES;
				CLANG_WARN_DEPRECATED_OBJC_IMPLEMENTATIONS = YES;
				CLANG_WARN_DIRECT_OBJC_ISA_USAGE = YES_ERROR;
				CLANG_WARN_DOCUMENTATION_COMMENTS = YES;
				CLANG_WARN_EMPTY_BODY = YES;
				CLANG_WARN_ENUM_CONVERSION = YES;
				CLANG_WARN_INFINITE_RECURSION = YES;
				CLANG_WARN_INT_CONVERSION = YES;
				CLANG_WARN_NON_LITERAL_NULL_CONVERSION = YES;
				CLANG_WARN_OBJC_IMPLICIT_RETAIN_SELF = YES;
				CLANG_WARN_OBJC_LITERAL_CONVERSION = YES;
				CLANG_WARN_OBJC_ROOT_CLASS = YES_ERROR;
				CLANG_WARN_QUOTED_INCLUDE_IN_FRAMEWORK_HEADER = YES;
				CLANG_WARN_RANGE_LOOP_ANALYSIS = YES;
				CLANG_WARN_STRICT_PROTOTYPES = YES;
				CLANG_WARN_SUSPICIOUS_MOVE = YES;
				CLANG_WARN_UNGUARDED_AVAILABILITY = YES_AGGRESSIVE;
				CLANG_WARN_UNREACHABLE_CODE = YES;
				CLANG_WARN__DUPLICATE_METHOD_MATCH = YES;
				COPY_PHASE_STRIP = NO;
				DEBUG_INFORMATION_FORMAT = dwarf;
				ENABLE_STRICT_OBJC_MSGSEND = YES;
				ENABLE_TESTABILITY = YES;
				ENABLE_USER_SCRIPT_SANDBOXING = YES;
				GCC_C_LANGUAGE_STANDARD = gnu17;
				GCC_DYNAMIC_NO_PIC = NO;
				GCC_NO_COMMON_BLOCKS = YES;
				GCC_OPTIMIZATION_LEVEL = 0;
				GCC_PREPROCESSOR_DEFINITIONS = (
					"DEBUG=1",
					"$(inherited)",
				);
				GCC_WARN_64_TO_32_BIT_CONVERSION = YES;
				GCC_WARN_ABOUT_RETURN_TYPE = YES_ERROR;
				GCC_WARN_UNDECLARED_SELECTOR = YES;
				GCC_WARN_UNINITIALIZED_AUTOS = YES_AGGRESSIVE;
				GCC_WARN_UNUSED_FUNCTION = YES;
				GCC_WARN_UNUSED_VARIABLE = YES;
				IPHONEOS_DEPLOYMENT_TARGET = 17.2;
				LOCALIZATION_PREFERS_STRING_CATALOGS = YES;
				MTL_ENABLE_DEBUG_INFO = INCLUDE_SOURCE;
				MTL_FAST_MATH = YES;
				ONLY_ACTIVE_ARCH = YES;
				SDKROOT = iphoneos;
				SWIFT_ACTIVE_COMPILATION_CONDITIONS = "DEBUG $(inherited)";
				SWIFT_OPTIMIZATION_LEVEL = "-Onone";
			};
			name = Debug;
		};
		BA3E9FD12BDA785300DAD087 /* Release */ = {
			isa = XCBuildConfiguration;
			buildSettings = {
				ALWAYS_SEARCH_USER_PATHS = NO;
				ASSETCATALOG_COMPILER_GENERATE_SWIFT_ASSET_SYMBOL_EXTENSIONS = YES;
				CLANG_ANALYZER_NONNULL = YES;
				CLANG_ANALYZER_NUMBER_OBJECT_CONVERSION = YES_AGGRESSIVE;
				CLANG_CXX_LANGUAGE_STANDARD = "gnu++20";
				CLANG_ENABLE_MODULES = YES;
				CLANG_ENABLE_OBJC_ARC = YES;
				CLANG_ENABLE_OBJC_WEAK = YES;
				CLANG_WARN_BLOCK_CAPTURE_AUTORELEASING = YES;
				CLANG_WARN_BOOL_CONVERSION = YES;
				CLANG_WARN_COMMA = YES;
				CLANG_WARN_CONSTANT_CONVERSION = YES;
				CLANG_WARN_DEPRECATED_OBJC_IMPLEMENTATIONS = YES;
				CLANG_WARN_DIRECT_OBJC_ISA_USAGE = YES_ERROR;
				CLANG_WARN_DOCUMENTATION_COMMENTS = YES;
				CLANG_WARN_EMPTY_BODY = YES;
				CLANG_WARN_ENUM_CONVERSION = YES;
				CLANG_WARN_INFINITE_RECURSION = YES;
				CLANG_WARN_INT_CONVERSION = YES;
				CLANG_WARN_NON_LITERAL_NULL_CONVERSION = YES;
				CLANG_WARN_OBJC_IMPLICIT_RETAIN_SELF = YES;
				CLANG_WARN_OBJC_LITERAL_CONVERSION = YES;
				CLANG_WARN_OBJC_ROOT_CLASS = YES_ERROR;
				CLANG_WARN_QUOTED_INCLUDE_IN_FRAMEWORK_HEADER = YES;
				CLANG_WARN_RANGE_LOOP_ANALYSIS = YES;
				CLANG_WARN_STRICT_PROTOTYPES = YES;
				CLANG_WARN_SUSPICIOUS_MOVE = YES;
				CLANG_WARN_UNGUARDED_AVAILABILITY = YES_AGGRESSIVE;
				CLANG_WARN_UNREACHABLE_CODE = YES;
				CLANG_WARN__DUPLICATE_METHOD_MATCH = YES;
				COPY_PHASE_STRIP = NO;
				DEBUG_INFORMATION_FORMAT = "dwarf-with-dsym";
				ENABLE_NS_ASSERTIONS = NO;
				ENABLE_STRICT_OBJC_MSGSEND = YES;
				ENABLE_USER_SCRIPT_SANDBOXING = YES;
				GCC_C_LANGUAGE_STANDARD = gnu17;
				GCC_NO_COMMON_BLOCKS = YES;
				GCC_WARN_64_TO_32_BIT_CONVERSION = YES;
				GCC_WARN_ABOUT_RETURN_TYPE = YES_ERROR;
				GCC_WARN_UNDECLARED_SELECTOR = YES;
				GCC_WARN_UNINITIALIZED_AUTOS = YES_AGGRESSIVE;
				GCC_WARN_UNUSED_FUNCTION = YES;
				GCC_WARN_UNUSED_VARIABLE = YES;
				IPHONEOS_DEPLOYMENT_TARGET = 17.2;
				LOCALIZATION_PREFERS_STRING_CATALOGS = YES;
				MTL_ENABLE_DEBUG_INFO = NO;
				MTL_FAST_MATH = YES;
				SDKROOT = iphoneos;
				SWIFT_COMPILATION_MODE = wholemodule;
				VALIDATE_PRODUCT = YES;
			};
			name = Release;
		};
		BA3E9FD32BDA785300DAD087 /* Debug */ = {
			isa = XCBuildConfiguration;
			buildSettings = {
				ASSETCATALOG_COMPILER_APPICON_NAME = AppIcon;
				ASSETCATALOG_COMPILER_GLOBAL_ACCENT_COLOR_NAME = AccentColor;
				CODE_SIGN_STYLE = Automatic;
				CURRENT_PROJECT_VERSION = 1;
				DEVELOPMENT_ASSET_PATHS = "\"Market/Preview Content\"";
				DEVELOPMENT_TEAM = XGXH98SCV7;
				ENABLE_PREVIEWS = YES;
				GENERATE_INFOPLIST_FILE = YES;
				INFOPLIST_KEY_UIApplicationSceneManifest_Generation = YES;
				INFOPLIST_KEY_UIApplicationSupportsIndirectInputEvents = YES;
				INFOPLIST_KEY_UILaunchScreen_Generation = YES;
				INFOPLIST_KEY_UISupportedInterfaceOrientations_iPad = "UIInterfaceOrientationPortrait UIInterfaceOrientationPortraitUpsideDown UIInterfaceOrientationLandscapeLeft UIInterfaceOrientationLandscapeRight";
				INFOPLIST_KEY_UISupportedInterfaceOrientations_iPhone = "UIInterfaceOrientationPortrait UIInterfaceOrientationLandscapeLeft UIInterfaceOrientationLandscapeRight";
				LD_RUNPATH_SEARCH_PATHS = (
					"$(inherited)",
					"@executable_path/Frameworks",
				);
				MARKETING_VERSION = 1.0;
				PRODUCT_BUNDLE_IDENTIFIER = test.Market;
				PRODUCT_NAME = "$(TARGET_NAME)";
				SWIFT_EMIT_LOC_STRINGS = YES;
				SWIFT_VERSION = 5.0;
				TARGETED_DEVICE_FAMILY = "1,2";
			};
			name = Debug;
		};
		BA3E9FD42BDA785300DAD087 /* Release */ = {
			isa = XCBuildConfiguration;
			buildSettings = {
				ASSETCATALOG_COMPILER_APPICON_NAME = AppIcon;
				ASSETCATALOG_COMPILER_GLOBAL_ACCENT_COLOR_NAME = AccentColor;
				CODE_SIGN_STYLE = Automatic;
				CURRENT_PROJECT_VERSION = 1;
				DEVELOPMENT_ASSET_PATHS = "\"Market/Preview Content\"";
				DEVELOPMENT_TEAM = XGXH98SCV7;
				ENABLE_PREVIEWS = YES;
				GENERATE_INFOPLIST_FILE = YES;
				INFOPLIST_KEY_UIApplicationSceneManifest_Generation = YES;
				INFOPLIST_KEY_UIApplicationSupportsIndirectInputEvents = YES;
				INFOPLIST_KEY_UILaunchScreen_Generation = YES;
				INFOPLIST_KEY_UISupportedInterfaceOrientations_iPad = "UIInterfaceOrientationPortrait UIInterfaceOrientationPortraitUpsideDown UIInterfaceOrientationLandscapeLeft UIInterfaceOrientationLandscapeRight";
				INFOPLIST_KEY_UISupportedInterfaceOrientations_iPhone = "UIInterfaceOrientationPortrait UIInterfaceOrientationLandscapeLeft UIInterfaceOrientationLandscapeRight";
				LD_RUNPATH_SEARCH_PATHS = (
					"$(inherited)",
					"@executable_path/Frameworks",
				);
				MARKETING_VERSION = 1.0;
				PRODUCT_BUNDLE_IDENTIFIER = test.Market;
				PRODUCT_NAME = "$(TARGET_NAME)";
				SWIFT_EMIT_LOC_STRINGS = YES;
				SWIFT_VERSION = 5.0;
				TARGETED_DEVICE_FAMILY = "1,2";
			};
			name = Release;
		};
		BA3E9FD62BDA785300DAD087 /* Debug */ = {
			isa = XCBuildConfiguration;
			buildSettings = {
				ALWAYS_EMBED_SWIFT_STANDARD_LIBRARIES = YES;
				BUNDLE_LOADER = "$(TEST_HOST)";
				CODE_SIGN_STYLE = Automatic;
				CURRENT_PROJECT_VERSION = 1;
				DEVELOPMENT_TEAM = XGXH98SCV7;
				GENERATE_INFOPLIST_FILE = YES;
				IPHONEOS_DEPLOYMENT_TARGET = 17.2;
				MARKETING_VERSION = 1.0;
				PRODUCT_BUNDLE_IDENTIFIER = test.MarketTests;
				PRODUCT_NAME = "$(TARGET_NAME)";
				SWIFT_EMIT_LOC_STRINGS = NO;
				SWIFT_VERSION = 5.0;
				TARGETED_DEVICE_FAMILY = "1,2";
				TEST_HOST = "$(BUILT_PRODUCTS_DIR)/Market.app/$(BUNDLE_EXECUTABLE_FOLDER_PATH)/Market";
			};
			name = Debug;
		};
		BA3E9FD72BDA785300DAD087 /* Release */ = {
			isa = XCBuildConfiguration;
			buildSettings = {
				ALWAYS_EMBED_SWIFT_STANDARD_LIBRARIES = YES;
				BUNDLE_LOADER = "$(TEST_HOST)";
				CODE_SIGN_STYLE = Automatic;
				CURRENT_PROJECT_VERSION = 1;
				DEVELOPMENT_TEAM = XGXH98SCV7;
				GENERATE_INFOPLIST_FILE = YES;
				IPHONEOS_DEPLOYMENT_TARGET = 17.2;
				MARKETING_VERSION = 1.0;
				PRODUCT_BUNDLE_IDENTIFIER = test.MarketTests;
				PRODUCT_NAME = "$(TARGET_NAME)";
				SWIFT_EMIT_LOC_STRINGS = NO;
				SWIFT_VERSION = 5.0;
				TARGETED_DEVICE_FAMILY = "1,2";
				TEST_HOST = "$(BUILT_PRODUCTS_DIR)/Market.app/$(BUNDLE_EXECUTABLE_FOLDER_PATH)/Market";
			};
			name = Release;
		};
		BA3E9FD92BDA785300DAD087 /* Debug */ = {
			isa = XCBuildConfiguration;
			buildSettings = {
				ALWAYS_EMBED_SWIFT_STANDARD_LIBRARIES = YES;
				CODE_SIGN_STYLE = Automatic;
				CURRENT_PROJECT_VERSION = 1;
				DEVELOPMENT_TEAM = XGXH98SCV7;
				GENERATE_INFOPLIST_FILE = YES;
				MARKETING_VERSION = 1.0;
				PRODUCT_BUNDLE_IDENTIFIER = test.MarketUITests;
				PRODUCT_NAME = "$(TARGET_NAME)";
				SWIFT_EMIT_LOC_STRINGS = NO;
				SWIFT_VERSION = 5.0;
				TARGETED_DEVICE_FAMILY = "1,2";
				TEST_TARGET_NAME = Market;
			};
			name = Debug;
		};
		BA3E9FDA2BDA785300DAD087 /* Release */ = {
			isa = XCBuildConfiguration;
			buildSettings = {
				ALWAYS_EMBED_SWIFT_STANDARD_LIBRARIES = YES;
				CODE_SIGN_STYLE = Automatic;
				CURRENT_PROJECT_VERSION = 1;
				DEVELOPMENT_TEAM = XGXH98SCV7;
				GENERATE_INFOPLIST_FILE = YES;
				MARKETING_VERSION = 1.0;
				PRODUCT_BUNDLE_IDENTIFIER = test.MarketUITests;
				PRODUCT_NAME = "$(TARGET_NAME)";
				SWIFT_EMIT_LOC_STRINGS = NO;
				SWIFT_VERSION = 5.0;
				TARGETED_DEVICE_FAMILY = "1,2";
				TEST_TARGET_NAME = Market;
			};
			name = Release;
		};
/* End XCBuildConfiguration section */

/* Begin XCConfigurationList section */
		BA3E9FA92BDA785100DAD087 /* Build configuration list for PBXProject "Market" */ = {
			isa = XCConfigurationList;
			buildConfigurations = (
				BA3E9FD02BDA785300DAD087 /* Debug */,
				BA3E9FD12BDA785300DAD087 /* Release */,
			);
			defaultConfigurationIsVisible = 0;
			defaultConfigurationName = Release;
		};
		BA3E9FD22BDA785300DAD087 /* Build configuration list for PBXNativeTarget "Market" */ = {
			isa = XCConfigurationList;
			buildConfigurations = (
				BA3E9FD32BDA785300DAD087 /* Debug */,
				BA3E9FD42BDA785300DAD087 /* Release */,
			);
			defaultConfigurationIsVisible = 0;
			defaultConfigurationName = Release;
		};
		BA3E9FD52BDA785300DAD087 /* Build configuration list for PBXNativeTarget "MarketTests" */ = {
			isa = XCConfigurationList;
			buildConfigurations = (
				BA3E9FD62BDA785300DAD087 /* Debug */,
				BA3E9FD72BDA785300DAD087 /* Release */,
			);
			defaultConfigurationIsVisible = 0;
			defaultConfigurationName = Release;
		};
		BA3E9FD82BDA785300DAD087 /* Build configuration list for PBXNativeTarget "MarketUITests" */ = {
			isa = XCConfigurationList;
			buildConfigurations = (
				BA3E9FD92BDA785300DAD087 /* Debug */,
				BA3E9FDA2BDA785300DAD087 /* Release */,
			);
			defaultConfigurationIsVisible = 0;
			defaultConfigurationName = Release;
		};
/* End XCConfigurationList section */
	};
	rootObject = BA3E9FA62BDA785100DAD087 /* Project object */;
}
